
Microsoft Visual Studio Solution File, Format Version 12.00
# Visual Studio 15
Project("{FAE04EC0-301F-11D3-BF4B-00C04F79EFBC}") = "Assembly-CSharp-Editor", "Assembly-CSharp-Editor.csproj", "{074B6BB3-41E4-5E6F-033F-6D63C9F62992}"
EndProject
Project("{FAE04EC0-301F-11D3-BF4B-00C04F79EFBC}") = "Assembly-CSharp", "Assembly-CSharp.csproj", "{7C6D57A7-7F15-4324-E919-C69C979B5F64}"
EndProject
Global
	GlobalSection(SolutionConfigurationPlatforms) = preSolution
		Debug|Any CPU = Debug|Any CPU
		Release|Any CPU = Release|Any CPU
	EndGlobalSection
	GlobalSection(ProjectConfigurationPlatforms) = postSolution
		{074B6BB3-41E4-5E6F-033F-6D63C9F62992}.Debug|Any CPU.ActiveCfg = Debug|Any CPU
		{074B6BB3-41E4-5E6F-033F-6D63C9F62992}.Debug|Any CPU.Build.0 = Debug|Any CPU
		{074B6BB3-41E4-5E6F-033F-6D63C9F62992}.Release|Any CPU.ActiveCfg = Release|Any CPU
		{074B6BB3-41E4-5E6F-033F-6D63C9F62992}.Release|Any CPU.Build.0 = Release|Any CPU
		{7C6D57A7-7F15-4324-E919-C69C979B5F64}.Debug|Any CPU.ActiveCfg = Debug|Any CPU
		{7C6D57A7-7F15-4324-E919-C69C979B5F64}.Debug|Any CPU.Build.0 = Debug|Any CPU
		{7C6D57A7-7F15-4324-E919-C69C979B5F64}.Release|Any CPU.ActiveCfg = Release|Any CPU
		{7C6D57A7-7F15-4324-E919-C69C979B5F64}.Release|Any CPU.Build.0 = Release|Any CPU
	EndGlobalSection
	GlobalSection(SolutionProperties) = preSolution
		HideSolutionNode = FALSE
	EndGlobalSection
EndGlobal
